{"version":4,"terraform_version":"1.11.5","serial":2,"lineage":"06f79267-94aa-8025-402e-47d353ae549c","outputs":{"vm_ip":{"value":"35.233.227.171","type":"string"}},"resources":[{"module":"module.tiny_vm","mode":"managed","type":"google_compute_instance","name":"tiny_vm","provider":"provider[\"registry.opentofu.org/hashicorp/google\"]","instances":[{"schema_version":6,"attributes":{"advanced_machine_features":[],"allow_stopping_for_update":null,"attached_disk":[],"boot_disk":[{"auto_delete":true,"device_name":"persistent-disk-0","disk_encryption_key_raw":"","disk_encryption_key_sha256":"","initialize_params":[{"enable_confidential_compute":false,"image":"https://www.googleapis.com/compute/v1/projects/rocky-linux-cloud/global/images/rocky-linux-10-v20260213","labels":{},"provisioned_iops":0,"provisioned_throughput":0,"resource_manager_tags":null,"size":20,"storage_pool":"","type":"pd-standard"}],"kms_key_self_link":"","mode":"READ_WRITE","source":"https://www.googleapis.com/compute/v1/projects/praxis-atrium-9069/zones/us-west1-a/disks/tiny-linux-dev"}],"can_ip_forward":false,"confidential_instance_config":[],"cpu_platform":"Intel Broadwell","current_status":"RUNNING","deletion_protection":false,"description":"","desired_status":null,"effective_labels":{},"enable_display":false,"guest_accelerator":[],"hostname":"","id":"projects/praxis-atrium-9069/zones/us-west1-a/instances/tiny-linux-dev","instance_id":"7259355874253631678","label_fingerprint":"42WmSpB8rSM=","labels":null,"machine_type":"e2-micro","metadata":{"enable-oslogin":"TRUE"},"metadata_fingerprint":"9s5ld5ED3GY=","metadata_startup_script":null,"min_cpu_platform":"","name":"tiny-linux-dev","network_interface":[{"access_config":[{"nat_ip":"35.233.227.171","network_tier":"PREMIUM","public_ptr_domain_name":""}],"alias_ip_range":[],"internal_ipv6_prefix_length":0,"ipv6_access_config":[],"ipv6_access_type":"","ipv6_address":"","name":"nic0","network":"https://www.googleapis.com/compute/v1/projects/praxis-atrium-9069/global/networks/default","network_ip":"10.138.0.2","nic_type":"","queue_count":0,"stack_type":"IPV4_ONLY","subnetwork":"https://www.googleapis.com/compute/v1/projects/praxis-atrium-9069/regions/us-west1/subnetworks/default","subnetwork_project":"praxis-atrium-9069"}],"network_performance_config":[],"params":[],"project":"praxis-atrium-9069","reservation_affinity":[],"resource_policies":null,"scheduling":[{"automatic_restart":true,"instance_termination_action":"","local_ssd_recovery_timeout":[],"max_run_duration":[],"min_node_cpus":0,"node_affinities":[],"on_host_maintenance":"MIGRATE","on_instance_stop_action":[],"preemptible":false,"provisioning_model":"STANDARD"}],"scratch_disk":[],"self_link":"https://www.googleapis.com/compute/v1/projects/praxis-atrium-9069/zones/us-west1-a/instances/tiny-linux-dev","service_account":[],"shielded_instance_config":[{"enable_integrity_monitoring":true,"enable_secure_boot":false,"enable_vtpm":true}],"tags":["dev","tiny-vm"],"tags_fingerprint":"SYRD6bobEQ4=","terraform_labels":{},"timeouts":null,"zone":"us-west1-a"},"sensitive_attributes":[[{"type":"get_attr","value":"boot_disk"},{"type":"index","value":{"value":0,"type":"number"}},{"type":"get_attr","value":"disk_encryption_key_raw"}]],"private":"eyJlMmJmYjczMC1lY2FhLTExZTYtOGY4OC0zNDM2M2JjN2M0YzAiOnsiY3JlYXRlIjoxMjAwMDAwMDAwMDAwLCJkZWxldGUiOjEyMDAwMDAwMDAwMDAsInVwZGF0ZSI6MTIwMDAwMDAwMDAwMH0sInNjaGVtYV92ZXJzaW9uIjoiNiJ9"}]}],"check_results":null}
