{"version":4,"terraform_version":"1.11.5","serial":8,"lineage":"06f79267-94aa-8025-402e-47d353ae549c","outputs":{"vm_external_ip":{"value":{"a":"34.83.127.245","b":"35.227.163.5"},"type":["object",{"a":"string","b":"string"}]}},"resources":[{"module":"module.network","mode":"managed","type":"google_compute_firewall","name":"outbound_web","provider":"provider[\"registry.opentofu.org/hashicorp/google\"]","instances":[{"schema_version":1,"attributes":{"allow":[{"ports":["80","443"],"protocol":"tcp"}],"creation_timestamp":"2026-03-05T12:38:59.912-08:00","deny":[],"description":"Allow browsing of public internet","destination_ranges":["0.0.0.0/0"],"direction":"EGRESS","disabled":false,"enable_logging":null,"id":"projects/praxis-atrium-9069/global/firewalls/outbound-web","log_config":[],"name":"outbound-web","network":"https://www.googleapis.com/compute/v1/projects/praxis-atrium-9069/global/networks/vpc-rhcsa","priority":1000,"project":"praxis-atrium-9069","self_link":"https://www.googleapis.com/compute/v1/projects/praxis-atrium-9069/global/firewalls/outbound-web","source_ranges":[],"source_service_accounts":[],"source_tags":[],"target_service_accounts":[],"target_tags":[],"timeouts":null},"sensitive_attributes":[],"private":"eyJlMmJmYjczMC1lY2FhLTExZTYtOGY4OC0zNDM2M2JjN2M0YzAiOnsiY3JlYXRlIjoxMjAwMDAwMDAwMDAwLCJkZWxldGUiOjEyMDAwMDAwMDAwMDAsInVwZGF0ZSI6MTIwMDAwMDAwMDAwMH0sInNjaGVtYV92ZXJzaW9uIjoiMSJ9","dependencies":["module.network.google_compute_network.vpc_rhcsa"]}]},{"module":"module.network","mode":"managed","type":"google_compute_network","name":"vpc_rhcsa","provider":"provider[\"registry.opentofu.org/hashicorp/google\"]","instances":[{"schema_version":0,"attributes":{"auto_create_subnetworks":false,"delete_default_routes_on_create":false,"description":"","enable_ula_internal_ipv6":false,"gateway_ipv4":"","id":"projects/praxis-atrium-9069/global/networks/vpc-rhcsa","internal_ipv6_range":"","mtu":0,"name":"vpc-rhcsa","network_firewall_policy_enforcement_order":"AFTER_CLASSIC_FIREWALL","numeric_id":"8633119387425199905","project":"praxis-atrium-9069","routing_mode":"REGIONAL","self_link":"https://www.googleapis.com/compute/v1/projects/praxis-atrium-9069/global/networks/vpc-rhcsa","timeouts":null},"sensitive_attributes":[],"private":"eyJlMmJmYjczMC1lY2FhLTExZTYtOGY4OC0zNDM2M2JjN2M0YzAiOnsiY3JlYXRlIjoxMjAwMDAwMDAwMDAwLCJkZWxldGUiOjEyMDAwMDAwMDAwMDAsInVwZGF0ZSI6MTIwMDAwMDAwMDAwMH19"}]},{"module":"module.network","mode":"managed","type":"google_compute_subnetwork","name":"private_subnet","provider":"provider[\"registry.opentofu.org/hashicorp/google\"]","instances":[{"index_key":"a","schema_version":0,"attributes":{"creation_timestamp":"2026-03-05T12:39:00.399-08:00","description":"","external_ipv6_prefix":"","fingerprint":null,"gateway_address":"10.0.1.1","id":"projects/praxis-atrium-9069/regions/us-west1/subnetworks/private-rhcsa-a","internal_ipv6_prefix":"","ip_cidr_range":"10.0.1.0/24","ipv6_access_type":"","ipv6_cidr_range":"","log_config":[],"name":"private-rhcsa-a","network":"https://www.googleapis.com/compute/v1/projects/praxis-atrium-9069/global/networks/vpc-rhcsa","private_ip_google_access":false,"private_ipv6_google_access":"DISABLE_GOOGLE_ACCESS","project":"praxis-atrium-9069","purpose":"PRIVATE","region":"us-west1","role":"","secondary_ip_range":[],"self_link":"https://www.googleapis.com/compute/v1/projects/praxis-atrium-9069/regions/us-west1/subnetworks/private-rhcsa-a","send_secondary_ip_range_if_empty":null,"stack_type":"IPV4_ONLY","timeouts":null},"sensitive_attributes":[],"private":"eyJlMmJmYjczMC1lY2FhLTExZTYtOGY4OC0zNDM2M2JjN2M0YzAiOnsiY3JlYXRlIjoxMjAwMDAwMDAwMDAwLCJkZWxldGUiOjEyMDAwMDAwMDAwMDAsInVwZGF0ZSI6MTIwMDAwMDAwMDAwMH19","dependencies":["module.network.google_compute_network.vpc_rhcsa"]},{"index_key":"b","schema_version":0,"attributes":{"creation_timestamp":"2026-03-05T12:39:00.310-08:00","description":"","external_ipv6_prefix":"","fingerprint":null,"gateway_address":"10.0.2.1","id":"projects/praxis-atrium-9069/regions/us-west1/subnetworks/private-rhcsa-b","internal_ipv6_prefix":"","ip_cidr_range":"10.0.2.0/24","ipv6_access_type":"","ipv6_cidr_range":"","log_config":[],"name":"private-rhcsa-b","network":"https://www.googleapis.com/compute/v1/projects/praxis-atrium-9069/global/networks/vpc-rhcsa","private_ip_google_access":false,"private_ipv6_google_access":"DISABLE_GOOGLE_ACCESS","project":"praxis-atrium-9069","purpose":"PRIVATE","region":"us-west1","role":"","secondary_ip_range":[],"self_link":"https://www.googleapis.com/compute/v1/projects/praxis-atrium-9069/regions/us-west1/subnetworks/private-rhcsa-b","send_secondary_ip_range_if_empty":null,"stack_type":"IPV4_ONLY","timeouts":null},"sensitive_attributes":[],"private":"eyJlMmJmYjczMC1lY2FhLTExZTYtOGY4OC0zNDM2M2JjN2M0YzAiOnsiY3JlYXRlIjoxMjAwMDAwMDAwMDAwLCJkZWxldGUiOjEyMDAwMDAwMDAwMDAsInVwZGF0ZSI6MTIwMDAwMDAwMDAwMH19","dependencies":["module.network.google_compute_network.vpc_rhcsa"]}]},{"module":"module.vm_tiny","mode":"managed","type":"google_compute_instance","name":"vm_tiny","provider":"provider[\"registry.opentofu.org/hashicorp/google\"]","instances":[{"index_key":"a","schema_version":6,"attributes":{"advanced_machine_features":[],"allow_stopping_for_update":null,"attached_disk":[],"boot_disk":[{"auto_delete":true,"device_name":"persistent-disk-0","disk_encryption_key_raw":"","disk_encryption_key_sha256":"","initialize_params":[{"enable_confidential_compute":false,"image":"https://www.googleapis.com/compute/v1/projects/rocky-linux-cloud/global/images/rocky-linux-10-v20260213","labels":{},"provisioned_iops":0,"provisioned_throughput":0,"resource_manager_tags":{},"size":20,"storage_pool":"","type":"pd-standard"}],"kms_key_self_link":"","mode":"READ_WRITE","source":"https://www.googleapis.com/compute/v1/projects/praxis-atrium-9069/zones/us-west1-a/disks/rocky-linux-dev-a"}],"can_ip_forward":false,"confidential_instance_config":[],"cpu_platform":"Intel Broadwell","current_status":"RUNNING","deletion_protection":false,"description":"","desired_status":null,"effective_labels":{},"enable_display":false,"guest_accelerator":[],"hostname":"","id":"projects/praxis-atrium-9069/zones/us-west1-a/instances/rocky-linux-dev-a","instance_id":"1167062227937941269","label_fingerprint":"42WmSpB8rSM=","labels":{},"machine_type":"e2-micro","metadata":{"enable-oslogin":"TRUE"},"metadata_fingerprint":"9s5ld5ED3GY=","metadata_startup_script":null,"min_cpu_platform":"","name":"rocky-linux-dev-a","network_interface":[{"access_config":[{"nat_ip":"34.83.127.245","network_tier":"PREMIUM","public_ptr_domain_name":""}],"alias_ip_range":[],"internal_ipv6_prefix_length":0,"ipv6_access_config":[],"ipv6_access_type":"","ipv6_address":"","name":"nic0","network":"https://www.googleapis.com/compute/v1/projects/praxis-atrium-9069/global/networks/vpc-rhcsa","network_ip":"10.0.1.2","nic_type":"","queue_count":0,"stack_type":"IPV4_ONLY","subnetwork":"https://www.googleapis.com/compute/v1/projects/praxis-atrium-9069/regions/us-west1/subnetworks/private-rhcsa-a","subnetwork_project":"praxis-atrium-9069"}],"network_performance_config":[],"params":[],"project":"praxis-atrium-9069","reservation_affinity":[],"resource_policies":[],"scheduling":[{"automatic_restart":true,"instance_termination_action":"","local_ssd_recovery_timeout":[],"max_run_duration":[],"min_node_cpus":0,"node_affinities":[],"on_host_maintenance":"MIGRATE","on_instance_stop_action":[],"preemptible":false,"provisioning_model":"STANDARD"}],"scratch_disk":[],"self_link":"https://www.googleapis.com/compute/v1/projects/praxis-atrium-9069/zones/us-west1-a/instances/rocky-linux-dev-a","service_account":[],"shielded_instance_config":[{"enable_integrity_monitoring":true,"enable_secure_boot":false,"enable_vtpm":true}],"tags":["dev","vm-tiny"],"tags_fingerprint":"OW3yU-lxHfg=","terraform_labels":{},"timeouts":null,"zone":"us-west1-a"},"sensitive_attributes":[[{"type":"get_attr","value":"boot_disk"},{"type":"index","value":{"value":0,"type":"number"}},{"type":"get_attr","value":"disk_encryption_key_raw"}]],"private":"eyJlMmJmYjczMC1lY2FhLTExZTYtOGY4OC0zNDM2M2JjN2M0YzAiOnsiY3JlYXRlIjoxMjAwMDAwMDAwMDAwLCJkZWxldGUiOjEyMDAwMDAwMDAwMDAsInVwZGF0ZSI6MTIwMDAwMDAwMDAwMH0sInNjaGVtYV92ZXJzaW9uIjoiNiJ9","dependencies":["module.network.google_compute_network.vpc_rhcsa","module.network.google_compute_subnetwork.private_subnet"]},{"index_key":"b","schema_version":6,"attributes":{"advanced_machine_features":[],"allow_stopping_for_update":null,"attached_disk":[],"boot_disk":[{"auto_delete":true,"device_name":"persistent-disk-0","disk_encryption_key_raw":"","disk_encryption_key_sha256":"","initialize_params":[{"enable_confidential_compute":false,"image":"https://www.googleapis.com/compute/v1/projects/rocky-linux-cloud/global/images/rocky-linux-10-v20260213","labels":{},"provisioned_iops":0,"provisioned_throughput":0,"resource_manager_tags":{},"size":20,"storage_pool":"","type":"pd-standard"}],"kms_key_self_link":"","mode":"READ_WRITE","source":"https://www.googleapis.com/compute/v1/projects/praxis-atrium-9069/zones/us-west1-b/disks/rocky-linux-dev-b"}],"can_ip_forward":false,"confidential_instance_config":[],"cpu_platform":"Intel Broadwell","current_status":"RUNNING","deletion_protection":false,"description":"","desired_status":null,"effective_labels":{},"enable_display":false,"guest_accelerator":[],"hostname":"","id":"projects/praxis-atrium-9069/zones/us-west1-b/instances/rocky-linux-dev-b","instance_id":"2068313196053419797","label_fingerprint":"42WmSpB8rSM=","labels":{},"machine_type":"e2-micro","metadata":{"enable-oslogin":"TRUE"},"metadata_fingerprint":"9s5ld5ED3GY=","metadata_startup_script":null,"min_cpu_platform":"","name":"rocky-linux-dev-b","network_interface":[{"access_config":[{"nat_ip":"35.227.163.5","network_tier":"PREMIUM","public_ptr_domain_name":""}],"alias_ip_range":[],"internal_ipv6_prefix_length":0,"ipv6_access_config":[],"ipv6_access_type":"","ipv6_address":"","name":"nic0","network":"https://www.googleapis.com/compute/v1/projects/praxis-atrium-9069/global/networks/vpc-rhcsa","network_ip":"10.0.2.2","nic_type":"","queue_count":0,"stack_type":"IPV4_ONLY","subnetwork":"https://www.googleapis.com/compute/v1/projects/praxis-atrium-9069/regions/us-west1/subnetworks/private-rhcsa-b","subnetwork_project":"praxis-atrium-9069"}],"network_performance_config":[],"params":[],"project":"praxis-atrium-9069","reservation_affinity":[],"resource_policies":[],"scheduling":[{"automatic_restart":true,"instance_termination_action":"","local_ssd_recovery_timeout":[],"max_run_duration":[],"min_node_cpus":0,"node_affinities":[],"on_host_maintenance":"MIGRATE","on_instance_stop_action":[],"preemptible":false,"provisioning_model":"STANDARD"}],"scratch_disk":[],"self_link":"https://www.googleapis.com/compute/v1/projects/praxis-atrium-9069/zones/us-west1-b/instances/rocky-linux-dev-b","service_account":[],"shielded_instance_config":[{"enable_integrity_monitoring":true,"enable_secure_boot":false,"enable_vtpm":true}],"tags":["dev","vm-tiny"],"tags_fingerprint":"OW3yU-lxHfg=","terraform_labels":{},"timeouts":null,"zone":"us-west1-b"},"sensitive_attributes":[[{"type":"get_attr","value":"boot_disk"},{"type":"index","value":{"value":0,"type":"number"}},{"type":"get_attr","value":"disk_encryption_key_raw"}]],"private":"eyJlMmJmYjczMC1lY2FhLTExZTYtOGY4OC0zNDM2M2JjN2M0YzAiOnsiY3JlYXRlIjoxMjAwMDAwMDAwMDAwLCJkZWxldGUiOjEyMDAwMDAwMDAwMDAsInVwZGF0ZSI6MTIwMDAwMDAwMDAwMH0sInNjaGVtYV92ZXJzaW9uIjoiNiJ9","dependencies":["module.network.google_compute_network.vpc_rhcsa","module.network.google_compute_subnetwork.private_subnet"]}]}],"check_results":null}
